
Microsoft Visual Studio Solution File, Format Version 12.00
# Visual Studio Version 17
VisualStudioVersion = 17.13.35931.197 d17.13
MinimumVisualStudioVersion = 10.0.40219.1
Project("{FAE04EC0-301F-11D3-BF4B-00C04F79EFBC}") = "git_practice", "git_practice\git_practice.csproj", "{75F7EBFD-62F0-47DC-9059-A7B879491DAA}"
EndProject
Global
	GlobalSection(SolutionConfigurationPlatforms) = preSolution
		Debug|Any CPU = Debug|Any CPU
		Release|Any CPU = Release|Any CPU
	EndGlobalSection
	GlobalSection(ProjectConfigurationPlatforms) = postSolution
		{75F7EBFD-62F0-47DC-9059-A7B879491DAA}.Debug|Any CPU.ActiveCfg = Debug|Any CPU
		{75F7EBFD-62F0-47DC-9059-A7B879491DAA}.Debug|Any CPU.Build.0 = Debug|Any CPU
		{75F7EBFD-62F0-47DC-9059-A7B879491DAA}.Release|Any CPU.ActiveCfg = Release|Any CPU
		{75F7EBFD-62F0-47DC-9059-A7B879491DAA}.Release|Any CPU.Build.0 = Release|Any CPU
	EndGlobalSection
	GlobalSection(SolutionProperties) = preSolution
		HideSolutionNode = FALSE
	EndGlobalSection
	GlobalSection(ExtensibilityGlobals) = postSolution
		SolutionGuid = {6632AE8E-19CF-4075-9DBF-785CD08171F0}
	EndGlobalSection
EndGlobal
